
Microsoft Visual Studio Solution File, Format Version 12.00
# Visual Studio Version 17
VisualStudioVersion = 17.9.34622.214
MinimumVisualStudioVersion = 10.0.40219.1
Project("{FAE04EC0-301F-11D3-BF4B-00C04F79EFBC}") = "IndicadorEnergeticoHackatec", "IndicadorEnergeticoHackatec.csproj", "{81AC2F9D-0B25-4FA9-BFCF-C40F43942827}"
EndProject
Global
	GlobalSection(SolutionConfigurationPlatforms) = preSolution
		Debug|Any CPU = Debug|Any CPU
		Release|Any CPU = Release|Any CPU
	EndGlobalSection
	GlobalSection(ProjectConfigurationPlatforms) = postSolution
		{81AC2F9D-0B25-4FA9-BFCF-C40F43942827}.Debug|Any CPU.ActiveCfg = Debug|Any CPU
		{81AC2F9D-0B25-4FA9-BFCF-C40F43942827}.Debug|Any CPU.Build.0 = Debug|Any CPU
		{81AC2F9D-0B25-4FA9-BFCF-C40F43942827}.Debug|Any CPU.Deploy.0 = Debug|Any CPU
		{81AC2F9D-0B25-4FA9-BFCF-C40F43942827}.Release|Any CPU.ActiveCfg = Release|Any CPU
		{81AC2F9D-0B25-4FA9-BFCF-C40F43942827}.Release|Any CPU.Build.0 = Release|Any CPU
		{81AC2F9D-0B25-4FA9-BFCF-C40F43942827}.Release|Any CPU.Deploy.0 = Release|Any CPU
	EndGlobalSection
	GlobalSection(SolutionProperties) = preSolution
		HideSolutionNode = FALSE
	EndGlobalSection
	GlobalSection(ExtensibilityGlobals) = postSolution
		SolutionGuid = {3AB3B089-AA81-4513-8EFF-DC99CB704430}
	EndGlobalSection
EndGlobal
